
Microsoft Visual Studio Solution File, Format Version 12.00
# Visual Studio Version 16
VisualStudioVersion = 16.0.30717.126
MinimumVisualStudioVersion = 10.0.40219.1
Project("{FAE04EC0-301F-11D3-BF4B-00C04F79EFBC}") = "Pomodoro_CSharp", "Pomodoro_CSharp\Pomodoro_CSharp.csproj", "{8EF36253-2668-4EE8-B706-C315D7C7C5FB}"
EndProject
Global
	GlobalSection(SolutionConfigurationPlatforms) = preSolution
		Debug|Any CPU = Debug|Any CPU
		Release|Any CPU = Release|Any CPU
	EndGlobalSection
	GlobalSection(ProjectConfigurationPlatforms) = postSolution
		{8EF36253-2668-4EE8-B706-C315D7C7C5FB}.Debug|Any CPU.ActiveCfg = Debug|Any CPU
		{8EF36253-2668-4EE8-B706-C315D7C7C5FB}.Debug|Any CPU.Build.0 = Debug|Any CPU
		{8EF36253-2668-4EE8-B706-C315D7C7C5FB}.Release|Any CPU.ActiveCfg = Release|Any CPU
		{8EF36253-2668-4EE8-B706-C315D7C7C5FB}.Release|Any CPU.Build.0 = Release|Any CPU
	EndGlobalSection
	GlobalSection(SolutionProperties) = preSolution
		HideSolutionNode = FALSE
	EndGlobalSection
	GlobalSection(ExtensibilityGlobals) = postSolution
		SolutionGuid = {ED8366FC-B49D-4D4A-AF13-91A77E99B614}
	EndGlobalSection
EndGlobal
